Microsoft Visual Studio Solution File, Format Version 12.00
# Visual Studio Version 17
VisualStudioVersion = 17.13.35913.81
MinimumVisualStudioVersion = 10.0.40219.1
Project("{FAE04EC0-301F-11D3-BF4B-00C04F79EFBC}") = "PPConcurrentTest", "PPConcurrentTest\PPConcurrentTest.csproj", "{1BABE253-DD73-4BDC-A683-2C8BCB14A22E}"
EndProject
Global
	GlobalSection(SolutionConfigurationPlatforms) = preSolution
		Debug|Any CPU = Debug|Any CPU
		Release|Any CPU = Release|Any CPU
	EndGlobalSection
	GlobalSection(ProjectConfigurationPlatforms) = postSolution
		{1BABE253-DD73-4BDC-A683-2C8BCB14A22E}.Debug|Any CPU.ActiveCfg = Debug|Any CPU
		{1BABE253-DD73-4BDC-A683-2C8BCB14A22E}.Debug|Any CPU.Build.0 = Debug|Any CPU
		{1BABE253-DD73-4BDC-A683-2C8BCB14A22E}.Release|Any CPU.ActiveCfg = Release|Any CPU
		{1BABE253-DD73-4BDC-A683-2C8BCB14A22E}.Release|Any CPU.Build.0 = Release|Any CPU
	EndGlobalSection
	GlobalSection(SolutionProperties) = preSolution
		HideSolutionNode = FALSE
	EndGlobalSection
	GlobalSection(ExtensibilityGlobals) = postSolution
		SolutionGuid = {743D2B4E-1F17-4606-AD74-4231C1A8AB49}
	EndGlobalSection
EndGlobal
